PODS:
  - Flutter (1.0.0)
  - zeroconf (0.0.1):
    - Flutter

DEPENDENCIES:
  - Flutter (from `.symlinks/flutter/ios`)
  - zeroconf (from `.symlinks/plugins/zeroconf/ios`)

EXTERNAL SOURCES:
  Flutter:
    :path: ".symlinks/flutter/ios"
  zeroconf:
    :path: ".symlinks/plugins/zeroconf/ios"

SPEC CHECKSUMS:
  Flutter: 58dd7d1b27887414a370fcccb9e645c08ffd7a6a
  zeroconf: 276a17a95cb25a4dc085c0adffe1f9f2a9cb32aa

PODFILE CHECKSUM: aff02bfeed411c636180d6812254b2daeea14d09

COCOAPODS: 1.6.1
